
Microsoft Visual Studio Solution File, Format Version 12.00
# Visual Studio 15
VisualStudioVersion = 15.0.28010.2003
MinimumVisualStudioVersion = 10.0.40219.1
Project("{FAE04EC0-301F-11D3-BF4B-00C04F79EFBC}") = "DEMO_4", "DEMO_4\DEMO_4.csproj", "{26FBED1E-19BD-47E6-B0CF-79D9A72A111E}"
EndProject
Global
	GlobalSection(SolutionConfigurationPlatforms) = preSolution
		Debug|Any CPU = Debug|Any CPU
		Release|Any CPU = Release|Any CPU
	EndGlobalSection
	GlobalSection(ProjectConfigurationPlatforms) = postSolution
		{26FBED1E-19BD-47E6-B0CF-79D9A72A111E}.Debug|Any CPU.ActiveCfg = Debug|Any CPU
		{26FBED1E-19BD-47E6-B0CF-79D9A72A111E}.Debug|Any CPU.Build.0 = Debug|Any CPU
		{26FBED1E-19BD-47E6-B0CF-79D9A72A111E}.Release|Any CPU.ActiveCfg = Release|Any CPU
		{26FBED1E-19BD-47E6-B0CF-79D9A72A111E}.Release|Any CPU.Build.0 = Release|Any CPU
	EndGlobalSection
	GlobalSection(SolutionProperties) = preSolution
		HideSolutionNode = FALSE
	EndGlobalSection
	GlobalSection(ExtensibilityGlobals) = postSolution
		SolutionGuid = {B76E457F-F16F-4473-9487-7EE5659B367D}
	EndGlobalSection
EndGlobal
